// !$*UTF8*$!
{
	archiveVersion = 1;
	classes = {
	};
	objectVersion = 56;
	objects = {

/* Begin PBXBuildFile section */
		598C960A291AE165003BA461 /* AppDelegate.swift in Sources */ = {isa = PBXBuildFile; fileRef = 598C9609291AE165003BA461 /* AppDelegate.swift */; };
		598C960C291AE165003BA461 /* SceneDelegate.swift in Sources */ = {isa = PBXBuildFile; fileRef = 598C960B291AE165003BA461 /* SceneDelegate.swift */; };
		598C9611291AE165003BA461 /* Main.storyboard in Resources */ = {isa = PBXBuildFile; fileRef = 598C960F291AE165003BA461 /* Main.storyboard */; };
		598C9613291AE166003BA461 /* Assets.xcassets in Resources */ = {isa = PBXBuildFile; fileRef = 598C9612291AE166003BA461 /* Assets.xcassets */; };
		598C9616291AE166003BA461 /* LaunchScreen.storyboard in Resources */ = {isa = PBXBuildFile; fileRef = 598C9614291AE166003BA461 /* LaunchScreen.storyboard */; };
		598C9626291B238E003BA461 /* PhotoService.swift in Sources */ = {isa = PBXBuildFile; fileRef = 598C9625291B238E003BA461 /* PhotoService.swift */; };
		598C962A291B24E7003BA461 /* Photo.swift in Sources */ = {isa = PBXBuildFile; fileRef = 598C9629291B24E7003BA461 /* Photo.swift */; };
		598C962C291B255C003BA461 /* content.json in Resources */ = {isa = PBXBuildFile; fileRef = 598C962B291B255C003BA461 /* content.json */; };
		598C962E291B27A7003BA461 /* PhotoViewModel.swift in Sources */ = {isa = PBXBuildFile; fileRef = 598C962D291B27A7003BA461 /* PhotoViewModel.swift */; };
		598C9630291B88EE003BA461 /* ObservableObject.swift in Sources */ = {isa = PBXBuildFile; fileRef = 598C962F291B88EE003BA461 /* ObservableObject.swift */; };
		598C9632291B8D4C003BA461 /* PhotoViewController.swift in Sources */ = {isa = PBXBuildFile; fileRef = 598C9631291B8D4C003BA461 /* PhotoViewController.swift */; };
		598C9634291C73E5003BA461 /* PhotoDetailViewController.swift in Sources */ = {isa = PBXBuildFile; fileRef = 598C9633291C73E5003BA461 /* PhotoDetailViewController.swift */; };
		598C9636291C76AD003BA461 /* PhotoDetailViewModel.swift in Sources */ = {isa = PBXBuildFile; fileRef = 598C9635291C76AD003BA461 /* PhotoDetailViewModel.swift */; };
/* End PBXBuildFile section */

/* Begin PBXFileReference section */
		598C9606291AE165003BA461 /* MVVMTableViewObservable.app */ = {isa = PBXFileReference; explicitFileType = wrapper.application; includeInIndex = 0; path = MVVMTableViewObservable.app; sourceTree = BUILT_PRODUCTS_DIR; };
		598C9609291AE165003BA461 /* AppDelegate.swift */ = {isa = PBXFileReference; lastKnownFileType = sourcecode.swift; path = AppDelegate.swift; sourceTree = "<group>"; };
		598C960B291AE165003BA461 /* SceneDelegate.swift */ = {isa = PBXFileReference; lastKnownFileType = sourcecode.swift; path = SceneDelegate.swift; sourceTree = "<group>"; };
		598C9610291AE165003BA461 /* Base */ = {isa = PBXFileReference; lastKnownFileType = file.storyboard; name = Base; path = Base.lproj/Main.storyboard; sourceTree = "<group>"; };
		598C9612291AE166003BA461 /* Assets.xcassets */ = {isa = PBXFileReference; lastKnownFileType = folder.assetcatalog; path = Assets.xcassets; sourceTree = "<group>"; };
		598C9615291AE166003BA461 /* Base */ = {isa = PBXFileReference; lastKnownFileType = file.storyboard; name = Base; path = Base.lproj/LaunchScreen.storyboard; sourceTree = "<group>"; };
		598C9617291AE166003BA461 /* Info.plist */ = {isa = PBXFileReference; lastKnownFileType = text.plist.xml; path = Info.plist; sourceTree = "<group>"; };
		598C9625291B238E003BA461 /* PhotoService.swift */ = {isa = PBXFileReference; lastKnownFileType = sourcecode.swift; path = PhotoService.swift; sourceTree = "<group>"; };
		598C9629291B24E7003BA461 /* Photo.swift */ = {isa = PBXFileReference; lastKnownFileType = sourcecode.swift; path = Photo.swift; sourceTree = "<group>"; };
		598C962B291B255C003BA461 /* content.json */ = {isa = PBXFileReference; fileEncoding = 4; lastKnownFileType = text.json; path = content.json; sourceTree = "<group>"; };
		598C962D291B27A7003BA461 /* PhotoViewModel.swift */ = {isa = PBXFileReference; lastKnownFileType = sourcecode.swift; path = PhotoViewModel.swift; sourceTree = "<group>"; };
		598C962F291B88EE003BA461 /* ObservableObject.swift */ = {isa = PBXFileReference; lastKnownFileType = sourcecode.swift; path = ObservableObject.swift; sourceTree = "<group>"; };
		598C9631291B8D4C003BA461 /* PhotoViewController.swift */ = {isa = PBXFileReference; lastKnownFileType = sourcecode.swift; path = PhotoViewController.swift; sourceTree = "<group>"; };
		598C9633291C73E5003BA461 /* PhotoDetailViewController.swift */ = {isa = PBXFileReference; lastKnownFileType = sourcecode.swift; path = PhotoDetailViewController.swift; sourceTree = "<group>"; };
		598C9635291C76AD003BA461 /* PhotoDetailViewModel.swift */ = {isa = PBXFileReference; lastKnownFileType = sourcecode.swift; path = PhotoDetailViewModel.swift; sourceTree = "<group>"; };
/* End PBXFileReference section */

/* Begin PBXFrameworksBuildPhase section */
		598C9603291AE165003BA461 /* Frameworks */ = {
			isa = PBXFrameworksBuildPhase;
			buildActionMask = 2147483647;
			files = (
			);
			runOnlyForDeploymentPostprocessing = 0;
		};
/* End PBXFrameworksBuildPhase section */

/* Begin PBXGroup section */
		598C95FD291AE165003BA461 = {
			isa = PBXGroup;
			children = (
				598C9608291AE165003BA461 /* MVVMTableViewObservable */,
				598C9607291AE165003BA461 /* Products */,
			);
			sourceTree = "<group>";
		};
		598C9607291AE165003BA461 /* Products */ = {
			isa = PBXGroup;
			children = (
				598C9606291AE165003BA461 /* MVVMTableViewObservable.app */,
			);
			name = Products;
			sourceTree = "<group>";
		};
		598C9608291AE165003BA461 /* MVVMTableViewObservable */ = {
			isa = PBXGroup;
			children = (
				598C9624291B2352003BA461 /* Services */,
				598C9621291AECAB003BA461 /* Models */,
				598C961E291AEC56003BA461 /* ViewModels */,
				598C961D291AEC4D003BA461 /* Views */,
				598C9609291AE165003BA461 /* AppDelegate.swift */,
				598C960B291AE165003BA461 /* SceneDelegate.swift */,
				598C960F291AE165003BA461 /* Main.storyboard */,
				598C9612291AE166003BA461 /* Assets.xcassets */,
				598C9614291AE166003BA461 /* LaunchScreen.storyboard */,
				598C9617291AE166003BA461 /* Info.plist */,
				598C962F291B88EE003BA461 /* ObservableObject.swift */,
			);
			path = MVVMTableViewObservable;
			sourceTree = "<group>";
		};
		598C961D291AEC4D003BA461 /* Views */ = {
			isa = PBXGroup;
			children = (
				598C9631291B8D4C003BA461 /* PhotoViewController.swift */,
				598C9633291C73E5003BA461 /* PhotoDetailViewController.swift */,
			);
			path = Views;
			sourceTree = "<group>";
		};
		598C961E291AEC56003BA461 /* ViewModels */ = {
			isa = PBXGroup;
			children = (
				598C962D291B27A7003BA461 /* PhotoViewModel.swift */,
				598C9635291C76AD003BA461 /* PhotoDetailViewModel.swift */,
			);
			path = ViewModels;
			sourceTree = "<group>";
		};
		598C9621291AECAB003BA461 /* Models */ = {
			isa = PBXGroup;
			children = (
				598C9629291B24E7003BA461 /* Photo.swift */,
			);
			path = Models;
			sourceTree = "<group>";
		};
		598C9624291B2352003BA461 /* Services */ = {
			isa = PBXGroup;
			children = (
				598C962B291B255C003BA461 /* content.json */,
				598C9625291B238E003BA461 /* PhotoService.swift */,
			);
			path = Services;
			sourceTree = "<group>";
		};
/* End PBXGroup section */

/* Begin PBXNativeTarget section */
		598C9605291AE165003BA461 /* MVVMTableViewObservable */ = {
			isa = PBXNativeTarget;
			buildConfigurationList = 598C961A291AE166003BA461 /* Build configuration list for PBXNativeTarget "MVVMTableViewObservable" */;
			buildPhases = (
				598C9602291AE165003BA461 /* Sources */,
				598C9603291AE165003BA461 /* Frameworks */,
				598C9604291AE165003BA461 /* Resources */,
			);
			buildRules = (
			);
			dependencies = (
			);
			name = MVVMTableViewObservable;
			productName = MVVMTableViewObservable;
			productReference = 598C9606291AE165003BA461 /* MVVMTableViewObservable.app */;
			productType = "com.apple.product-type.application";
		};
/* End PBXNativeTarget section */

/* Begin PBXProject section */
		598C95FE291AE165003BA461 /* Project object */ = {
			isa = PBXProject;
			attributes = {
				BuildIndependentTargetsInParallel = 1;
				LastSwiftUpdateCheck = 1410;
				LastUpgradeCheck = 1410;
				TargetAttributes = {
					598C9605291AE165003BA461 = {
						CreatedOnToolsVersion = 14.1;
					};
				};
			};
			buildConfigurationList = 598C9601291AE165003BA461 /* Build configuration list for PBXProject "MVVMTableViewObservable" */;
			compatibilityVersion = "Xcode 14.0";
			developmentRegion = en;
			hasScannedForEncodings = 0;
			knownRegions = (
				en,
				Base,
			);
			mainGroup = 598C95FD291AE165003BA461;
			productRefGroup = 598C9607291AE165003BA461 /* Products */;
			projectDirPath = "";
			projectRoot = "";
			targets = (
				598C9605291AE165003BA461 /* MVVMTableViewObservable */,
			);
		};
/* End PBXProject section */

/* Begin PBXResourcesBuildPhase section */
		598C9604291AE165003BA461 /* Resources */ = {
			isa = PBXResourcesBuildPhase;
			buildActionMask = 2147483647;
			files = (
				598C9616291AE166003BA461 /* LaunchScreen.storyboard in Resources */,
				598C9613291AE166003BA461 /* Assets.xcassets in Resources */,
				598C9611291AE165003BA461 /* Main.storyboard in Resources */,
				598C962C291B255C003BA461 /* content.json in Resources */,
			);
			runOnlyForDeploymentPostprocessing = 0;
		};
/* End PBXResourcesBuildPhase section */

/* Begin PBXSourcesBuildPhase section */
		598C9602291AE165003BA461 /* Sources */ = {
			isa = PBXSourcesBuildPhase;
			buildActionMask = 2147483647;
			files = (
				598C9636291C76AD003BA461 /* PhotoDetailViewModel.swift in Sources */,
				598C962A291B24E7003BA461 /* Photo.swift in Sources */,
				598C962E291B27A7003BA461 /* PhotoViewModel.swift in Sources */,
				598C9626291B238E003BA461 /* PhotoService.swift in Sources */,
				598C9632291B8D4C003BA461 /* PhotoViewController.swift in Sources */,
				598C9630291B88EE003BA461 /* ObservableObject.swift in Sources */,
				598C960A291AE165003BA461 /* AppDelegate.swift in Sources */,
				598C9634291C73E5003BA461 /* PhotoDetailViewController.swift in Sources */,
				598C960C291AE165003BA461 /* SceneDelegate.swift in Sources */,
			);
			runOnlyForDeploymentPostprocessing = 0;
		};
/* End PBXSourcesBuildPhase section */

/* Begin PBXVariantGroup section */
		598C960F291AE165003BA461 /* Main.storyboard */ = {
			isa = PBXVariantGroup;
			children = (
				598C9610291AE165003BA461 /* Base */,
			);
			name = Main.storyboard;
			sourceTree = "<group>";
		};
		598C9614291AE166003BA461 /* LaunchScreen.storyboard */ = {
			isa = PBXVariantGroup;
			children = (
				598C9615291AE166003BA461 /* Base */,
			);
			name = LaunchScreen.storyboard;
			sourceTree = "<group>";
		};
/* End PBXVariantGroup section */

/* Begin XCBuildConfiguration section */
		598C9618291AE166003BA461 /* Debug */ = {
			isa = XCBuildConfiguration;
			buildSettings = {
				ALWAYS_SEARCH_USER_PATHS = NO;
				CLANG_ANALYZER_NONNULL = YES;
				CLANG_ANALYZER_NUMBER_OBJECT_CONVERSION = YES_AGGRESSIVE;
				CLANG_CXX_LANGUAGE_STANDARD = "gnu++20";
				CLANG_ENABLE_MODULES = YES;
				CLANG_ENABLE_OBJC_ARC = YES;
				CLANG_ENABLE_OBJC_WEAK = YES;
				CLANG_WARN_BLOCK_CAPTURE_AUTORELEASING = YES;
				CLANG_WARN_BOOL_CONVERSION = YES;
				CLANG_WARN_COMMA = YES;
				CLANG_WARN_CONSTANT_CONVERSION = YES;
				CLANG_WARN_DEPRECATED_OBJC_IMPLEMENTATIONS = YES;
				CLANG_WARN_DIRECT_OBJC_ISA_USAGE = YES_ERROR;
				CLANG_WARN_DOCUMENTATION_COMMENTS = YES;
				CLANG_WARN_EMPTY_BODY = YES;
				CLANG_WARN_ENUM_CONVERSION = YES;
				CLANG_WARN_INFINITE_RECURSION = YES;
				CLANG_WARN_INT_CONVERSION = YES;
				CLANG_WARN_NON_LITERAL_NULL_CONVERSION = YES;
				CLANG_WARN_OBJC_IMPLICIT_RETAIN_SELF = YES;
				CLANG_WARN_OBJC_LITERAL_CONVERSION = YES;
				CLANG_WARN_OBJC_ROOT_CLASS = YES_ERROR;
				CLANG_WARN_QUOTED_INCLUDE_IN_FRAMEWORK_HEADER = YES;
				CLANG_WARN_RANGE_LOOP_ANALYSIS = YES;
				CLANG_WARN_STRICT_PROTOTYPES = YES;
				CLANG_WARN_SUSPICIOUS_MOVE = YES;
				CLANG_WARN_UNGUARDED_AVAILABILITY = YES_AGGRESSIVE;
				CLANG_WARN_UNREACHABLE_CODE = YES;
				CLANG_WARN__DUPLICATE_METHOD_MATCH = YES;
				COPY_PHASE_STRIP = NO;
				DEBUG_INFORMATION_FORMAT = dwarf;
				ENABLE_STRICT_OBJC_MSGSEND = YES;
				ENABLE_TESTABILITY = YES;
				GCC_C_LANGUAGE_STANDARD = gnu11;
				GCC_DYNAMIC_NO_PIC = NO;
				GCC_NO_COMMON_BLOCKS = YES;
				GCC_OPTIMIZATION_LEVEL = 0;
				GCC_PREPROCESSOR_DEFINITIONS = (
					"DEBUG=1",
					"$(inherited)",
				);
				GCC_WARN_64_TO_32_BIT_CONVERSION = YES;
				GCC_WARN_ABOUT_RETURN_TYPE = YES_ERROR;
				GCC_WARN_UNDECLARED_SELECTOR = YES;
				GCC_WARN_UNINITIALIZED_AUTOS = YES_AGGRESSIVE;
				GCC_WARN_UNUSED_FUNCTION = YES;
				GCC_WARN_UNUSED_VARIABLE = YES;
				IPHONEOS_DEPLOYMENT_TARGET = 16.1;
				MTL_ENABLE_DEBUG_INFO = INCLUDE_SOURCE;
				MTL_FAST_MATH = YES;
				ONLY_ACTIVE_ARCH = YES;
				SDKROOT = iphoneos;
				SWIFT_ACTIVE_COMPILATION_CONDITIONS = DEBUG;
				SWIFT_OPTIMIZATION_LEVEL = "-Onone";
			};
			name = Debug;
		};
		598C9619291AE166003BA461 /* Release */ = {
			isa = XCBuildConfiguration;
			buildSettings = {
				ALWAYS_SEARCH_USER_PATHS = NO;
				CLANG_ANALYZER_NONNULL = YES;
				CLANG_ANALYZER_NUMBER_OBJECT_CONVERSION = YES_AGGRESSIVE;
				CLANG_CXX_LANGUAGE_STANDARD = "gnu++20";
				CLANG_ENABLE_MODULES = YES;
				CLANG_ENABLE_OBJC_ARC = YES;
				CLANG_ENABLE_OBJC_WEAK = YES;
				CLANG_WARN_BLOCK_CAPTURE_AUTORELEASING = YES;
				CLANG_WARN_BOOL_CONVERSION = YES;
				CLANG_WARN_COMMA = YES;
				CLANG_WARN_CONSTANT_CONVERSION = YES;
				CLANG_WARN_DEPRECATED_OBJC_IMPLEMENTATIONS = YES;
				CLANG_WARN_DIRECT_OBJC_ISA_USAGE = YES_ERROR;
				CLANG_WARN_DOCUMENTATION_COMMENTS = YES;
				CLANG_WARN_EMPTY_BODY = YES;
				CLANG_WARN_ENUM_CONVERSION = YES;
				CLANG_WARN_INFINITE_RECURSION = YES;
				CLANG_WARN_INT_CONVERSION = YES;
				CLANG_WARN_NON_LITERAL_NULL_CONVERSION = YES;
				CLANG_WARN_OBJC_IMPLICIT_RETAIN_SELF = YES;
				CLANG_WARN_OBJC_LITERAL_CONVERSION = YES;
				CLANG_WARN_OBJC_ROOT_CLASS = YES_ERROR;
				CLANG_WARN_QUOTED_INCLUDE_IN_FRAMEWORK_HEADER = YES;
				CLANG_WARN_RANGE_LOOP_ANALYSIS = YES;
				CLANG_WARN_STRICT_PROTOTYPES = YES;
				CLANG_WARN_SUSPICIOUS_MOVE = YES;
				CLANG_WARN_UNGUARDED_AVAILABILITY = YES_AGGRESSIVE;
				CLANG_WARN_UNREACHABLE_CODE = YES;
				CLANG_WARN__DUPLICATE_METHOD_MATCH = YES;
				COPY_PHASE_STRIP = NO;
				DEBUG_INFORMATION_FORMAT = "dwarf-with-dsym";
				ENABLE_NS_ASSERTIONS = NO;
				ENABLE_STRICT_OBJC_MSGSEND = YES;
				GCC_C_LANGUAGE_STANDARD = gnu11;
				GCC_NO_COMMON_BLOCKS = YES;
				GCC_WARN_64_TO_32_BIT_CONVERSION = YES;
				GCC_WARN_ABOUT_RETURN_TYPE = YES_ERROR;
				GCC_WARN_UNDECLARED_SELECTOR = YES;
				GCC_WARN_UNINITIALIZED_AUTOS = YES_AGGRESSIVE;
				GCC_WARN_UNUSED_FUNCTION = YES;
				GCC_WARN_UNUSED_VARIABLE = YES;
				IPHONEOS_DEPLOYMENT_TARGET = 16.1;
				MTL_ENABLE_DEBUG_INFO = NO;
				MTL_FAST_MATH = YES;
				SDKROOT = iphoneos;
				SWIFT_COMPILATION_MODE = wholemodule;
				SWIFT_OPTIMIZATION_LEVEL = "-O";
				VALIDATE_PRODUCT = YES;
			};
			name = Release;
		};
		598C961B291AE166003BA461 /* Debug */ = {
			isa = XCBuildConfiguration;
			buildSettings = {
				ASSETCATALOG_COMPILER_APPICON_NAME = AppIcon;
				ASSETCATALOG_COMPILER_GLOBAL_ACCENT_COLOR_NAME = AccentColor;
				CODE_SIGN_STYLE = Automatic;
				CURRENT_PROJECT_VERSION = 1;
				DEVELOPMENT_TEAM = 97A6C3P4AZ;
				GENERATE_INFOPLIST_FILE = YES;
				INFOPLIST_FILE = MVVMTableViewObservable/Info.plist;
				INFOPLIST_KEY_UIApplicationSupportsIndirectInputEvents = YES;
				INFOPLIST_KEY_UILaunchStoryboardName = LaunchScreen;
				INFOPLIST_KEY_UIMainStoryboardFile = Main;
				INFOPLIST_KEY_UISupportedInterfaceOrientations_iPad = "UIInterfaceOrientationPortrait UIInterfaceOrientationPortraitUpsideDown UIInterfaceOrientationLandscapeLeft UIInterfaceOrientationLandscapeRight";
				INFOPLIST_KEY_UISupportedInterfaceOrientations_iPhone = "UIInterfaceOrientationPortrait UIInterfaceOrientationLandscapeLeft UIInterfaceOrientationLandscapeRight";
				LD_RUNPATH_SEARCH_PATHS = (
					"$(inherited)",
					"@executable_path/Frameworks",
				);
				MARKETING_VERSION = 1.0;
				PRODUCT_BUNDLE_IDENTIFIER = com.alejocram.example.MVVMTableViewObservable;
				PRODUCT_NAME = "$(TARGET_NAME)";
				SWIFT_EMIT_LOC_STRINGS = YES;
				SWIFT_VERSION = 5.0;
				TARGETED_DEVICE_FAMILY = "1,2";
			};
			name = Debug;
		};
		598C961C291AE166003BA461 /* Release */ = {
			isa = XCBuildConfiguration;
			buildSettings = {
				ASSETCATALOG_COMPILER_APPICON_NAME = AppIcon;
				ASSETCATALOG_COMPILER_GLOBAL_ACCENT_COLOR_NAME = AccentColor;
				CODE_SIGN_STYLE = Automatic;
				CURRENT_PROJECT_VERSION = 1;
				DEVELOPMENT_TEAM = 97A6C3P4AZ;
				GENERATE_INFOPLIST_FILE = YES;
				INFOPLIST_FILE = MVVMTableViewObservable/Info.plist;
				INFOPLIST_KEY_UIApplicationSupportsIndirectInputEvents = YES;
				INFOPLIST_KEY_UILaunchStoryboardName = LaunchScreen;
				INFOPLIST_KEY_UIMainStoryboardFile = Main;
				INFOPLIST_KEY_UISupportedInterfaceOrientations_iPad = "UIInterfaceOrientationPortrait UIInterfaceOrientationPortraitUpsideDown UIInterfaceOrientationLandscapeLeft UIInterfaceOrientationLandscapeRight";
				INFOPLIST_KEY_UISupportedInterfaceOrientations_iPhone = "UIInterfaceOrientationPortrait UIInterfaceOrientationLandscapeLeft UIInterfaceOrientationLandscapeRight";
				LD_RUNPATH_SEARCH_PATHS = (
					"$(inherited)",
					"@executable_path/Frameworks",
				);
				MARKETING_VERSION = 1.0;
				PRODUCT_BUNDLE_IDENTIFIER = com.alejocram.example.MVVMTableViewObservable;
				PRODUCT_NAME = "$(TARGET_NAME)";
				SWIFT_EMIT_LOC_STRINGS = YES;
				SWIFT_VERSION = 5.0;
				TARGETED_DEVICE_FAMILY = "1,2";
			};
			name = Release;
		};
/* End XCBuildConfiguration section */

/* Begin XCConfigurationList section */
		598C9601291AE165003BA461 /* Build configuration list for PBXProject "MVVMTableViewObservable" */ = {
			isa = XCConfigurationList;
			buildConfigurations = (
				598C9618291AE166003BA461 /* Debug */,
				598C9619291AE166003BA461 /* Release */,
			);
			defaultConfigurationIsVisible = 0;
			defaultConfigurationName = Release;
		};
		598C961A291AE166003BA461 /* Build configuration list for PBXNativeTarget "MVVMTableViewObservable" */ = {
			isa = XCConfigurationList;
			buildConfigurations = (
				598C961B291AE166003BA461 /* Debug */,
				598C961C291AE166003BA461 /* Release */,
			);
			defaultConfigurationIsVisible = 0;
			defaultConfigurationName = Release;
		};
/* End XCConfigurationList section */
	};
	rootObject = 598C95FE291AE165003BA461 /* Project object */;
}
